
Microsoft Visual Studio Solution File, Format Version 12.00
# Visual Studio Version 17
VisualStudioVersion = 17.12.35527.113
MinimumVisualStudioVersion = 10.0.40219.1
Project("{FAE04EC0-301F-11D3-BF4B-00C04F79EFBC}") = "EXE01", "EXE01\EXE01.csproj", "{3FD3CC23-751E-4902-8927-A5567F665C5C}"
EndProject
Project("{FAE04EC0-301F-11D3-BF4B-00C04F79EFBC}") = "EXE02", "EXE02\EXE02.csproj", "{E57B808F-744A-4474-9F2A-4DA4D45FBAC2}"
EndProject
Project("{FAE04EC0-301F-11D3-BF4B-00C04F79EFBC}") = "EXE03", "EXE03\EXE03.csproj", "{3CDEB854-0F27-45DF-8BDF-DD0C4D23D4F8}"
EndProject
Project("{FAE04EC0-301F-11D3-BF4B-00C04F79EFBC}") = "EXE04", "EXE04\EXE04.csproj", "{991B587E-BFC4-4D49-96C4-D149AD0E4234}"
EndProject
Project("{FAE04EC0-301F-11D3-BF4B-00C04F79EFBC}") = "EXE05", "EXE05\EXE05.csproj", "{5E31E450-51FC-4659-B7B8-EA05D209CACE}"
EndProject
Project("{FAE04EC0-301F-11D3-BF4B-00C04F79EFBC}") = "EXE06", "EXE06\EXE06.csproj", "{4CD5D4C0-99DC-40F2-B124-49E7EDCED2BC}"
EndProject
Project("{FAE04EC0-301F-11D3-BF4B-00C04F79EFBC}") = "EXE07", "EXE07\EXE07.csproj", "{E0C05A0C-BEE6-4C1A-B1CF-04E183108408}"
EndProject
Project("{FAE04EC0-301F-11D3-BF4B-00C04F79EFBC}") = "EXE08", "EXE08\EXE08.csproj", "{EDB76D22-C61A-4A4D-8E4E-4D7F4F029C8F}"
EndProject
Project("{FAE04EC0-301F-11D3-BF4B-00C04F79EFBC}") = "EXE09", "EXE09\EXE09.csproj", "{BE1C18CF-0444-4AD1-B01A-4FF18BB185E7}"
EndProject
Project("{FAE04EC0-301F-11D3-BF4B-00C04F79EFBC}") = "EXE10", "EXE10\EXE10.csproj", "{287B9C4F-8C53-4581-BC63-6D5F21250C87}"
EndProject
Project("{FAE04EC0-301F-11D3-BF4B-00C04F79EFBC}") = "EXE11", "EXE11\EXE11.csproj", "{A316A5B5-B97C-47B8-B444-B17994004B2A}"
EndProject
Project("{FAE04EC0-301F-11D3-BF4B-00C04F79EFBC}") = "EXE12", "EXE12\EXE12.csproj", "{36E62419-AFB5-4BBC-9351-61C01D89F308}"
EndProject
Project("{FAE04EC0-301F-11D3-BF4B-00C04F79EFBC}") = "EXE13", "EXE13\EXE13.csproj", "{B58C9296-2AF3-44E1-9810-111331B74CBE}"
EndProject
Project("{FAE04EC0-301F-11D3-BF4B-00C04F79EFBC}") = "EXE14", "EXE14\EXE14.csproj", "{08F739A8-CEC5-45C3-A2EB-B1A75C04D320}"
EndProject
Project("{FAE04EC0-301F-11D3-BF4B-00C04F79EFBC}") = "EXE15", "EXE15\EXE15.csproj", "{9402E999-A07E-43BF-B9A1-02A75ECC7D17}"
EndProject
Project("{FAE04EC0-301F-11D3-BF4B-00C04F79EFBC}") = "EXE16", "EXE16\EXE16.csproj", "{BC4AB6BA-C055-4518-9A5D-74F33BA5C541}"
EndProject
Project("{FAE04EC0-301F-11D3-BF4B-00C04F79EFBC}") = "EXE18", "EXE18\EXE18.csproj", "{2F4F8CF2-C0E4-4371-943D-CCB4C9CE18DF}"
EndProject
Project("{FAE04EC0-301F-11D3-BF4B-00C04F79EFBC}") = "EXE19", "EXE19\EXE19.csproj", "{CE22FE00-DA65-469C-B811-4B688BCAD931}"
EndProject
Project("{FAE04EC0-301F-11D3-BF4B-00C04F79EFBC}") = "EXE20", "EXE20\EXE20.csproj", "{B86971D5-F7C8-420A-8A52-ACE83743FBCB}"
EndProject
Project("{FAE04EC0-301F-11D3-BF4B-00C04F79EFBC}") = "EXE21", "EXE21\EXE21.csproj", "{36D1E44E-0928-446B-A760-4772D785A27B}"
EndProject
Project("{FAE04EC0-301F-11D3-BF4B-00C04F79EFBC}") = "EXE22", "EXE22\EXE22.csproj", "{A1BC3F3E-8EFC-448A-AC56-A81F02E3A353}"
EndProject
Project("{FAE04EC0-301F-11D3-BF4B-00C04F79EFBC}") = "EXE25", "EXE25\EXE25.csproj", "{A711AFB2-D96A-43A9-BF89-F792A7A8F277}"
EndProject
Project("{FAE04EC0-301F-11D3-BF4B-00C04F79EFBC}") = "EXE24", "EXE24\EXE24.csproj", "{94B41248-CA87-4F75-94B2-2435716B701E}"
EndProject
Project("{FAE04EC0-301F-11D3-BF4B-00C04F79EFBC}") = "EXE26", "EXE26\EXE26.csproj", "{0C384EE3-8080-4243-AB9B-47BCA63802FA}"
EndProject
Project("{FAE04EC0-301F-11D3-BF4B-00C04F79EFBC}") = "EXE28", "EXE28\EXE28.csproj", "{1A4B0904-1CAF-4991-9912-6151AEB89C45}"
EndProject
Project("{FAE04EC0-301F-11D3-BF4B-00C04F79EFBC}") = "EXE27", "EXE27\EXE27.csproj", "{EB596192-2B07-4352-A666-D6CF125FCFB2}"
EndProject
Project("{FAE04EC0-301F-11D3-BF4B-00C04F79EFBC}") = "EXE23", "EXE23\EXE23.csproj", "{5FC83FFF-E1C4-4B6B-BA64-701595326571}"
EndProject
Project("{FAE04EC0-301F-11D3-BF4B-00C04F79EFBC}") = "EXE29", "EXE29\EXE29.csproj", "{E7D9A19F-A6D8-45FE-B5A4-6F8393DF7E7E}"
EndProject
Project("{FAE04EC0-301F-11D3-BF4B-00C04F79EFBC}") = "EXE30", "EXE30\EXE30.csproj", "{D7237417-430F-4B21-B5AB-C224F45CC482}"
EndProject
Project("{FAE04EC0-301F-11D3-BF4B-00C04F79EFBC}") = "EXE31", "EXE31\EXE31.csproj", "{A52ED3F8-5CC9-40FB-A726-2BF17F43936E}"
EndProject
Project("{FAE04EC0-301F-11D3-BF4B-00C04F79EFBC}") = "EXE32", "EXE32\EXE32.csproj", "{80A084DF-EBF4-4538-939D-10B0BC7E807D}"
EndProject
Project("{FAE04EC0-301F-11D3-BF4B-00C04F79EFBC}") = "EXE17", "EXE17\EXE17.csproj", "{84A29532-6303-4D42-9F3B-2733BE202462}"
EndProject
Global
	GlobalSection(SolutionConfigurationPlatforms) = preSolution
		Debug|Any CPU = Debug|Any CPU
		Release|Any CPU = Release|Any CPU
	EndGlobalSection
	GlobalSection(ProjectConfigurationPlatforms) = postSolution
		{3FD3CC23-751E-4902-8927-A5567F665C5C}.Debug|Any CPU.ActiveCfg = Debug|Any CPU
		{3FD3CC23-751E-4902-8927-A5567F665C5C}.Debug|Any CPU.Build.0 = Debug|Any CPU
		{3FD3CC23-751E-4902-8927-A5567F665C5C}.Release|Any CPU.ActiveCfg = Release|Any CPU
		{3FD3CC23-751E-4902-8927-A5567F665C5C}.Release|Any CPU.Build.0 = Release|Any CPU
		{E57B808F-744A-4474-9F2A-4DA4D45FBAC2}.Debug|Any CPU.ActiveCfg = Debug|Any CPU
		{E57B808F-744A-4474-9F2A-4DA4D45FBAC2}.Debug|Any CPU.Build.0 = Debug|Any CPU
		{E57B808F-744A-4474-9F2A-4DA4D45FBAC2}.Release|Any CPU.ActiveCfg = Release|Any CPU
		{E57B808F-744A-4474-9F2A-4DA4D45FBAC2}.Release|Any CPU.Build.0 = Release|Any CPU
		{3CDEB854-0F27-45DF-8BDF-DD0C4D23D4F8}.Debug|Any CPU.ActiveCfg = Debug|Any CPU
		{3CDEB854-0F27-45DF-8BDF-DD0C4D23D4F8}.Debug|Any CPU.Build.0 = Debug|Any CPU
		{3CDEB854-0F27-45DF-8BDF-DD0C4D23D4F8}.Release|Any CPU.ActiveCfg = Release|Any CPU
		{3CDEB854-0F27-45DF-8BDF-DD0C4D23D4F8}.Release|Any CPU.Build.0 = Release|Any CPU
		{991B587E-BFC4-4D49-96C4-D149AD0E4234}.Debug|Any CPU.ActiveCfg = Debug|Any CPU
		{991B587E-BFC4-4D49-96C4-D149AD0E4234}.Debug|Any CPU.Build.0 = Debug|Any CPU
		{991B587E-BFC4-4D49-96C4-D149AD0E4234}.Release|Any CPU.ActiveCfg = Release|Any CPU
		{991B587E-BFC4-4D49-96C4-D149AD0E4234}.Release|Any CPU.Build.0 = Release|Any CPU
		{5E31E450-51FC-4659-B7B8-EA05D209CACE}.Debug|Any CPU.ActiveCfg = Debug|Any CPU
		{5E31E450-51FC-4659-B7B8-EA05D209CACE}.Debug|Any CPU.Build.0 = Debug|Any CPU
		{5E31E450-51FC-4659-B7B8-EA05D209CACE}.Release|Any CPU.ActiveCfg = Release|Any CPU
		{5E31E450-51FC-4659-B7B8-EA05D209CACE}.Release|Any CPU.Build.0 = Release|Any CPU
		{4CD5D4C0-99DC-40F2-B124-49E7EDCED2BC}.Debug|Any CPU.ActiveCfg = Debug|Any CPU
		{4CD5D4C0-99DC-40F2-B124-49E7EDCED2BC}.Debug|Any CPU.Build.0 = Debug|Any CPU
		{4CD5D4C0-99DC-40F2-B124-49E7EDCED2BC}.Release|Any CPU.ActiveCfg = Release|Any CPU
		{4CD5D4C0-99DC-40F2-B124-49E7EDCED2BC}.Release|Any CPU.Build.0 = Release|Any CPU
		{E0C05A0C-BEE6-4C1A-B1CF-04E183108408}.Debug|Any CPU.ActiveCfg = Debug|Any CPU
		{E0C05A0C-BEE6-4C1A-B1CF-04E183108408}.Debug|Any CPU.Build.0 = Debug|Any CPU
		{E0C05A0C-BEE6-4C1A-B1CF-04E183108408}.Release|Any CPU.ActiveCfg = Release|Any CPU
		{E0C05A0C-BEE6-4C1A-B1CF-04E183108408}.Release|Any CPU.Build.0 = Release|Any CPU
		{EDB76D22-C61A-4A4D-8E4E-4D7F4F029C8F}.Debug|Any CPU.ActiveCfg = Debug|Any CPU
		{EDB76D22-C61A-4A4D-8E4E-4D7F4F029C8F}.Debug|Any CPU.Build.0 = Debug|Any CPU
		{EDB76D22-C61A-4A4D-8E4E-4D7F4F029C8F}.Release|Any CPU.ActiveCfg = Release|Any CPU
		{EDB76D22-C61A-4A4D-8E4E-4D7F4F029C8F}.Release|Any CPU.Build.0 = Release|Any CPU
		{BE1C18CF-0444-4AD1-B01A-4FF18BB185E7}.Debug|Any CPU.ActiveCfg = Debug|Any CPU
		{BE1C18CF-0444-4AD1-B01A-4FF18BB185E7}.Debug|Any CPU.Build.0 = Debug|Any CPU
		{BE1C18CF-0444-4AD1-B01A-4FF18BB185E7}.Release|Any CPU.ActiveCfg = Release|Any CPU
		{BE1C18CF-0444-4AD1-B01A-4FF18BB185E7}.Release|Any CPU.Build.0 = Release|Any CPU
		{287B9C4F-8C53-4581-BC63-6D5F21250C87}.Debug|Any CPU.ActiveCfg = Debug|Any CPU
		{287B9C4F-8C53-4581-BC63-6D5F21250C87}.Debug|Any CPU.Build.0 = Debug|Any CPU
		{287B9C4F-8C53-4581-BC63-6D5F21250C87}.Release|Any CPU.ActiveCfg = Release|Any CPU
		{287B9C4F-8C53-4581-BC63-6D5F21250C87}.Release|Any CPU.Build.0 = Release|Any CPU
		{A316A5B5-B97C-47B8-B444-B17994004B2A}.Debug|Any CPU.ActiveCfg = Debug|Any CPU
		{A316A5B5-B97C-47B8-B444-B17994004B2A}.Debug|Any CPU.Build.0 = Debug|Any CPU
		{A316A5B5-B97C-47B8-B444-B17994004B2A}.Release|Any CPU.ActiveCfg = Release|Any CPU
		{A316A5B5-B97C-47B8-B444-B17994004B2A}.Release|Any CPU.Build.0 = Release|Any CPU
		{36E62419-AFB5-4BBC-9351-61C01D89F308}.Debug|Any CPU.ActiveCfg = Debug|Any CPU
		{36E62419-AFB5-4BBC-9351-61C01D89F308}.Debug|Any CPU.Build.0 = Debug|Any CPU
		{36E62419-AFB5-4BBC-9351-61C01D89F308}.Release|Any CPU.ActiveCfg = Release|Any CPU
		{36E62419-AFB5-4BBC-9351-61C01D89F308}.Release|Any CPU.Build.0 = Release|Any CPU
		{B58C9296-2AF3-44E1-9810-111331B74CBE}.Debug|Any CPU.ActiveCfg = Debug|Any CPU
		{B58C9296-2AF3-44E1-9810-111331B74CBE}.Debug|Any CPU.Build.0 = Debug|Any CPU
		{B58C9296-2AF3-44E1-9810-111331B74CBE}.Release|Any CPU.ActiveCfg = Release|Any CPU
		{B58C9296-2AF3-44E1-9810-111331B74CBE}.Release|Any CPU.Build.0 = Release|Any CPU
		{08F739A8-CEC5-45C3-A2EB-B1A75C04D320}.Debug|Any CPU.ActiveCfg = Debug|Any CPU
		{08F739A8-CEC5-45C3-A2EB-B1A75C04D320}.Debug|Any CPU.Build.0 = Debug|Any CPU
		{08F739A8-CEC5-45C3-A2EB-B1A75C04D320}.Release|Any CPU.ActiveCfg = Release|Any CPU
		{08F739A8-CEC5-45C3-A2EB-B1A75C04D320}.Release|Any CPU.Build.0 = Release|Any CPU
		{9402E999-A07E-43BF-B9A1-02A75ECC7D17}.Debug|Any CPU.ActiveCfg = Debug|Any CPU
		{9402E999-A07E-43BF-B9A1-02A75ECC7D17}.Debug|Any CPU.Build.0 = Debug|Any CPU
		{9402E999-A07E-43BF-B9A1-02A75ECC7D17}.Release|Any CPU.ActiveCfg = Release|Any CPU
		{9402E999-A07E-43BF-B9A1-02A75ECC7D17}.Release|Any CPU.Build.0 = Release|Any CPU
		{BC4AB6BA-C055-4518-9A5D-74F33BA5C541}.Debug|Any CPU.ActiveCfg = Debug|Any CPU
		{BC4AB6BA-C055-4518-9A5D-74F33BA5C541}.Debug|Any CPU.Build.0 = Debug|Any CPU
		{BC4AB6BA-C055-4518-9A5D-74F33BA5C541}.Release|Any CPU.ActiveCfg = Release|Any CPU
		{BC4AB6BA-C055-4518-9A5D-74F33BA5C541}.Release|Any CPU.Build.0 = Release|Any CPU
		{2F4F8CF2-C0E4-4371-943D-CCB4C9CE18DF}.Debug|Any CPU.ActiveCfg = Debug|Any CPU
		{2F4F8CF2-C0E4-4371-943D-CCB4C9CE18DF}.Debug|Any CPU.Build.0 = Debug|Any CPU
		{2F4F8CF2-C0E4-4371-943D-CCB4C9CE18DF}.Release|Any CPU.ActiveCfg = Release|Any CPU
		{2F4F8CF2-C0E4-4371-943D-CCB4C9CE18DF}.Release|Any CPU.Build.0 = Release|Any CPU
		{CE22FE00-DA65-469C-B811-4B688BCAD931}.Debug|Any CPU.ActiveCfg = Debug|Any CPU
		{CE22FE00-DA65-469C-B811-4B688BCAD931}.Debug|Any CPU.Build.0 = Debug|Any CPU
		{CE22FE00-DA65-469C-B811-4B688BCAD931}.Release|Any CPU.ActiveCfg = Release|Any CPU
		{CE22FE00-DA65-469C-B811-4B688BCAD931}.Release|Any CPU.Build.0 = Release|Any CPU
		{B86971D5-F7C8-420A-8A52-ACE83743FBCB}.Debug|Any CPU.ActiveCfg = Debug|Any CPU
		{B86971D5-F7C8-420A-8A52-ACE83743FBCB}.Debug|Any CPU.Build.0 = Debug|Any CPU
		{B86971D5-F7C8-420A-8A52-ACE83743FBCB}.Release|Any CPU.ActiveCfg = Release|Any CPU
		{B86971D5-F7C8-420A-8A52-ACE83743FBCB}.Release|Any CPU.Build.0 = Release|Any CPU
		{36D1E44E-0928-446B-A760-4772D785A27B}.Debug|Any CPU.ActiveCfg = Debug|Any CPU
		{36D1E44E-0928-446B-A760-4772D785A27B}.Debug|Any CPU.Build.0 = Debug|Any CPU
		{36D1E44E-0928-446B-A760-4772D785A27B}.Release|Any CPU.ActiveCfg = Release|Any CPU
		{36D1E44E-0928-446B-A760-4772D785A27B}.Release|Any CPU.Build.0 = Release|Any CPU
		{A1BC3F3E-8EFC-448A-AC56-A81F02E3A353}.Debug|Any CPU.ActiveCfg = Debug|Any CPU
		{A1BC3F3E-8EFC-448A-AC56-A81F02E3A353}.Debug|Any CPU.Build.0 = Debug|Any CPU
		{A1BC3F3E-8EFC-448A-AC56-A81F02E3A353}.Release|Any CPU.ActiveCfg = Release|Any CPU
		{A1BC3F3E-8EFC-448A-AC56-A81F02E3A353}.Release|Any CPU.Build.0 = Release|Any CPU
		{A711AFB2-D96A-43A9-BF89-F792A7A8F277}.Debug|Any CPU.ActiveCfg = Debug|Any CPU
		{A711AFB2-D96A-43A9-BF89-F792A7A8F277}.Debug|Any CPU.Build.0 = Debug|Any CPU
		{A711AFB2-D96A-43A9-BF89-F792A7A8F277}.Release|Any CPU.ActiveCfg = Release|Any CPU
		{A711AFB2-D96A-43A9-BF89-F792A7A8F277}.Release|Any CPU.Build.0 = Release|Any CPU
		{94B41248-CA87-4F75-94B2-2435716B701E}.Debug|Any CPU.ActiveCfg = Debug|Any CPU
		{94B41248-CA87-4F75-94B2-2435716B701E}.Debug|Any CPU.Build.0 = Debug|Any CPU
		{94B41248-CA87-4F75-94B2-2435716B701E}.Release|Any CPU.ActiveCfg = Release|Any CPU
		{94B41248-CA87-4F75-94B2-2435716B701E}.Release|Any CPU.Build.0 = Release|Any CPU
		{0C384EE3-8080-4243-AB9B-47BCA63802FA}.Debug|Any CPU.ActiveCfg = Debug|Any CPU
		{0C384EE3-8080-4243-AB9B-47BCA63802FA}.Debug|Any CPU.Build.0 = Debug|Any CPU
		{0C384EE3-8080-4243-AB9B-47BCA63802FA}.Release|Any CPU.ActiveCfg = Release|Any CPU
		{0C384EE3-8080-4243-AB9B-47BCA63802FA}.Release|Any CPU.Build.0 = Release|Any CPU
		{1A4B0904-1CAF-4991-9912-6151AEB89C45}.Debug|Any CPU.ActiveCfg = Debug|Any CPU
		{1A4B0904-1CAF-4991-9912-6151AEB89C45}.Debug|Any CPU.Build.0 = Debug|Any CPU
		{1A4B0904-1CAF-4991-9912-6151AEB89C45}.Release|Any CPU.ActiveCfg = Release|Any CPU
		{1A4B0904-1CAF-4991-9912-6151AEB89C45}.Release|Any CPU.Build.0 = Release|Any CPU
		{EB596192-2B07-4352-A666-D6CF125FCFB2}.Debug|Any CPU.ActiveCfg = Debug|Any CPU
		{EB596192-2B07-4352-A666-D6CF125FCFB2}.Debug|Any CPU.Build.0 = Debug|Any CPU
		{EB596192-2B07-4352-A666-D6CF125FCFB2}.Release|Any CPU.ActiveCfg = Release|Any CPU
		{EB596192-2B07-4352-A666-D6CF125FCFB2}.Release|Any CPU.Build.0 = Release|Any CPU
		{5FC83FFF-E1C4-4B6B-BA64-701595326571}.Debug|Any CPU.ActiveCfg = Debug|Any CPU
		{5FC83FFF-E1C4-4B6B-BA64-701595326571}.Debug|Any CPU.Build.0 = Debug|Any CPU
		{5FC83FFF-E1C4-4B6B-BA64-701595326571}.Release|Any CPU.ActiveCfg = Release|Any CPU
		{5FC83FFF-E1C4-4B6B-BA64-701595326571}.Release|Any CPU.Build.0 = Release|Any CPU
		{E7D9A19F-A6D8-45FE-B5A4-6F8393DF7E7E}.Debug|Any CPU.ActiveCfg = Debug|Any CPU
		{E7D9A19F-A6D8-45FE-B5A4-6F8393DF7E7E}.Debug|Any CPU.Build.0 = Debug|Any CPU
		{E7D9A19F-A6D8-45FE-B5A4-6F8393DF7E7E}.Release|Any CPU.ActiveCfg = Release|Any CPU
		{E7D9A19F-A6D8-45FE-B5A4-6F8393DF7E7E}.Release|Any CPU.Build.0 = Release|Any CPU
		{D7237417-430F-4B21-B5AB-C224F45CC482}.Debug|Any CPU.ActiveCfg = Debug|Any CPU
		{D7237417-430F-4B21-B5AB-C224F45CC482}.Debug|Any CPU.Build.0 = Debug|Any CPU
		{D7237417-430F-4B21-B5AB-C224F45CC482}.Release|Any CPU.ActiveCfg = Release|Any CPU
		{D7237417-430F-4B21-B5AB-C224F45CC482}.Release|Any CPU.Build.0 = Release|Any CPU
		{A52ED3F8-5CC9-40FB-A726-2BF17F43936E}.Debug|Any CPU.ActiveCfg = Debug|Any CPU
		{A52ED3F8-5CC9-40FB-A726-2BF17F43936E}.Debug|Any CPU.Build.0 = Debug|Any CPU
		{A52ED3F8-5CC9-40FB-A726-2BF17F43936E}.Release|Any CPU.ActiveCfg = Release|Any CPU
		{A52ED3F8-5CC9-40FB-A726-2BF17F43936E}.Release|Any CPU.Build.0 = Release|Any CPU
		{80A084DF-EBF4-4538-939D-10B0BC7E807D}.Debug|Any CPU.ActiveCfg = Debug|Any CPU
		{80A084DF-EBF4-4538-939D-10B0BC7E807D}.Debug|Any CPU.Build.0 = Debug|Any CPU
		{80A084DF-EBF4-4538-939D-10B0BC7E807D}.Release|Any CPU.ActiveCfg = Release|Any CPU
		{80A084DF-EBF4-4538-939D-10B0BC7E807D}.Release|Any CPU.Build.0 = Release|Any CPU
		{84A29532-6303-4D42-9F3B-2733BE202462}.Debug|Any CPU.ActiveCfg = Debug|Any CPU
		{84A29532-6303-4D42-9F3B-2733BE202462}.Debug|Any CPU.Build.0 = Debug|Any CPU
		{84A29532-6303-4D42-9F3B-2733BE202462}.Release|Any CPU.ActiveCfg = Release|Any CPU
		{84A29532-6303-4D42-9F3B-2733BE202462}.Release|Any CPU.Build.0 = Release|Any CPU
	EndGlobalSection
	GlobalSection(SolutionProperties) = preSolution
		HideSolutionNode = FALSE
	EndGlobalSection
EndGlobal
